// !$*UTF8*$!
{
	archiveVersion = 1;
	classes = {
	};
	objectVersion = 46;
	objects = {

/* Begin PBXBuildFile section */
		0855C4A68F5755E555565A4F /* Pods_IIIF_Presenter.framework in Frameworks */ = {isa = PBXBuildFile; fileRef = 6B80C97625F9BD361AEA8003 /* Pods_IIIF_Presenter.framework */; };
		3B0690BB1EB3EF8A00D5FA0A /* ImageUtil.swift in Sources */ = {isa = PBXBuildFile; fileRef = 3B0690BA1EB3EF8A00D5FA0A /* ImageUtil.swift */; };
		3B1553261F0406B500FC27E1 /* WelcomeCell.swift in Sources */ = {isa = PBXBuildFile; fileRef = 3B1553251F0406B500FC27E1 /* WelcomeCell.swift */; };
		3B1B73B51E688E91006F8E00 /* Constants.swift in Sources */ = {isa = PBXBuildFile; fileRef = 3B1B73B41E688E91006F8E00 /* Constants.swift */; };
		3B2162131EBD064300856837 /* AboutController.swift in Sources */ = {isa = PBXBuildFile; fileRef = 3B2162121EBD064300856837 /* AboutController.swift */; };
		3B35FBF11EE70CAE00902D29 /* data.json in Resources */ = {isa = PBXBuildFile; fileRef = 3B35FBF01EE70CAE00902D29 /* data.json */; };
		3B3C36921F19135A00FA99D7 /* ExplanationController.swift in Sources */ = {isa = PBXBuildFile; fileRef = 3B3C36911F19135A00FA99D7 /* ExplanationController.swift */; };
		3B3C36941F19137E00FA99D7 /* ExplanationCell.swift in Sources */ = {isa = PBXBuildFile; fileRef = 3B3C36931F19137E00FA99D7 /* ExplanationCell.swift */; };
		3B3E41561E59EE3800969D6C /* ManifestController.swift in Sources */ = {isa = PBXBuildFile; fileRef = 3B3E41551E59EE3800969D6C /* ManifestController.swift */; };
		3B4C40071E6D892500C06084 /* Localizable.strings in Resources */ = {isa = PBXBuildFile; fileRef = 3B4C40091E6D892500C06084 /* Localizable.strings */; };
		3B555F2D1EB66A860025EC12 /* MetadataItem.swift in Sources */ = {isa = PBXBuildFile; fileRef = 3B555F2C1EB66A850025EC12 /* MetadataItem.swift */; };
		3B5CC5C71E5AF88300A84A99 /* PageThumbnailCell.swift in Sources */ = {isa = PBXBuildFile; fileRef = 3B5CC5C61E5AF88300A84A99 /* PageThumbnailCell.swift */; };
		3B5CC5C91E5AFF7A00A84A99 /* CanvasViewModel.swift in Sources */ = {isa = PBXBuildFile; fileRef = 3B5CC5C81E5AFF7A00A84A99 /* CanvasViewModel.swift */; };
		3B5CC5CB1E5B39E900A84A99 /* ViewerController.swift in Sources */ = {isa = PBXBuildFile; fileRef = 3B5CC5CA1E5B39E900A84A99 /* ViewerController.swift */; };
		3B6819111E66F020008157E8 /* ActionViewController.swift in Sources */ = {isa = PBXBuildFile; fileRef = 3B6819101E66F020008157E8 /* ActionViewController.swift */; };
		3B6819141E66F020008157E8 /* MainInterface.storyboard in Resources */ = {isa = PBXBuildFile; fileRef = 3B6819121E66F020008157E8 /* MainInterface.storyboard */; };
		3B6819181E66F020008157E8 /* Open in IIIF.appex in Embed App Extensions */ = {isa = PBXBuildFile; fileRef = 3B68190E1E66F020008157E8 /* Open in IIIF.appex */; settings = {ATTRIBUTES = (RemoveHeadersOnCopy, ); }; };
		3B73F4501E69C26500D96880 /* AssetsAction.xcassets in Resources */ = {isa = PBXBuildFile; fileRef = 3B73F44F1E69C26500D96880 /* AssetsAction.xcassets */; };
		3B7FDDA91EE833A400EC5B55 /* ShareUtil.swift in Sources */ = {isa = PBXBuildFile; fileRef = 3B7FDDA81EE833A400EC5B55 /* ShareUtil.swift */; };
		3B7FDDAD1EE8779400EC5B55 /* GoogleService-Info.plist in Resources */ = {isa = PBXBuildFile; fileRef = 3B7FDDAC1EE8779400EC5B55 /* GoogleService-Info.plist */; };
		3B7FDDAF1EE8850900EC5B55 /* AnalyticsUtil.swift in Sources */ = {isa = PBXBuildFile; fileRef = 3B7FDDAE1EE8850900EC5B55 /* AnalyticsUtil.swift */; };
		3B802BFC1F1A558600145464 /* InfoPlist.strings in Resources */ = {isa = PBXBuildFile; fileRef = 3B802BFE1F1A558600145464 /* InfoPlist.strings */; };
		3B8939611E71D9BA003E7C1E /* CardViewModel.swift in Sources */ = {isa = PBXBuildFile; fileRef = 3B8939601E71D9BA003E7C1E /* CardViewModel.swift */; };
		3B8B008A1EB4CFD800407581 /* IIIFImageApi.swift in Sources */ = {isa = PBXBuildFile; fileRef = 3B8B00891EB4CFD800407581 /* IIIFImageApi.swift */; };
		3B98FE691E6767EA0016C1C6 /* MenuController.swift in Sources */ = {isa = PBXBuildFile; fileRef = 3B98FE681E6767EA0016C1C6 /* MenuController.swift */; };
		3B9ED52A1E6337B100712ECB /* ViewerCell.swift in Sources */ = {isa = PBXBuildFile; fileRef = 3B9ED5291E6337B100712ECB /* ViewerCell.swift */; };
		3BA195391EE9A87C00753BF0 /* ThumbnailController.swift in Sources */ = {isa = PBXBuildFile; fileRef = 3BA195381EE9A87C00753BF0 /* ThumbnailController.swift */; };
		3BA737161E51BB0700241FBF /* ManifestViewModel.swift in Sources */ = {isa = PBXBuildFile; fileRef = 3BA737151E51BB0700241FBF /* ManifestViewModel.swift */; };
		3BA7371A1E52029D00241FBF /* CollectionViewModel.swift in Sources */ = {isa = PBXBuildFile; fileRef = 3BA737191E52029D00241FBF /* CollectionViewModel.swift */; };
		3BAFDDE51EB26E1D0085339A /* ListHeader.swift in Sources */ = {isa = PBXBuildFile; fileRef = 3BAFDDE41EB26E1D0085339A /* ListHeader.swift */; };
		3BB8F25C1E449BD10073FBD1 /* Metadata.swift in Sources */ = {isa = PBXBuildFile; fileRef = 3BB8F25B1E449BD10073FBD1 /* Metadata.swift */; };
		3BBE78F91E434C4E00F15CF1 /* AppDelegate.swift in Sources */ = {isa = PBXBuildFile; fileRef = 3BBE78F81E434C4E00F15CF1 /* AppDelegate.swift */; };
		3BBE78FB1E434C4E00F15CF1 /* CardListController.swift in Sources */ = {isa = PBXBuildFile; fileRef = 3BBE78FA1E434C4E00F15CF1 /* CardListController.swift */; };
		3BBE78FE1E434C4E00F15CF1 /* Main.storyboard in Resources */ = {isa = PBXBuildFile; fileRef = 3BBE78FC1E434C4E00F15CF1 /* Main.storyboard */; };
		3BBE79001E434C4E00F15CF1 /* Assets.xcassets in Resources */ = {isa = PBXBuildFile; fileRef = 3BBE78FF1E434C4E00F15CF1 /* Assets.xcassets */; };
		3BBE79031E434C4E00F15CF1 /* LaunchScreen.storyboard in Resources */ = {isa = PBXBuildFile; fileRef = 3BBE79011E434C4E00F15CF1 /* LaunchScreen.storyboard */; };
		3BBE79111E4387D400F15CF1 /* CardCell.swift in Sources */ = {isa = PBXBuildFile; fileRef = 3BBE79101E4387D400F15CF1 /* CardCell.swift */; };
		3BBE79141E43888500F15CF1 /* IIIFManifest.swift in Sources */ = {isa = PBXBuildFile; fileRef = 3BBE79131E43888500F15CF1 /* IIIFManifest.swift */; };
		3BBE79161E43981700F15CF1 /* IIIFSequence.swift in Sources */ = {isa = PBXBuildFile; fileRef = 3BBE79151E43981700F15CF1 /* IIIFSequence.swift */; };
		3BBE79181E43982D00F15CF1 /* IIIFCanvas.swift in Sources */ = {isa = PBXBuildFile; fileRef = 3BBE79171E43982D00F15CF1 /* IIIFCanvas.swift */; };
		3BBE791A1E4398C700F15CF1 /* IIIFAnnotation.swift in Sources */ = {isa = PBXBuildFile; fileRef = 3BBE79191E4398C700F15CF1 /* IIIFAnnotation.swift */; };
		3BBE791C1E4398FE00F15CF1 /* IIIFRange.swift in Sources */ = {isa = PBXBuildFile; fileRef = 3BBE791B1E4398FE00F15CF1 /* IIIFRange.swift */; };
		3BBE791E1E43993500F15CF1 /* IIIFLayer.swift in Sources */ = {isa = PBXBuildFile; fileRef = 3BBE791D1E43993500F15CF1 /* IIIFLayer.swift */; };
		3BBE79201E43995300F15CF1 /* IIIFCollection.swift in Sources */ = {isa = PBXBuildFile; fileRef = 3BBE791F1E43995300F15CF1 /* IIIFCollection.swift */; };
		3BBE79221E43997400F15CF1 /* IIIFAnnotationList.swift in Sources */ = {isa = PBXBuildFile; fileRef = 3BBE79211E43997400F15CF1 /* IIIFAnnotationList.swift */; };
		3BBE79241E439B4700F15CF1 /* MultiProperty.swift in Sources */ = {isa = PBXBuildFile; fileRef = 3BBE79231E439B4700F15CF1 /* MultiProperty.swift */; };
		3BBE79261E43BAA800F15CF1 /* IIIFImage.swift in Sources */ = {isa = PBXBuildFile; fileRef = 3BBE79251E43BAA800F15CF1 /* IIIFImage.swift */; };
		3BBE79281E43BF0300F15CF1 /* IIIFService.swift in Sources */ = {isa = PBXBuildFile; fileRef = 3BBE79271E43BF0300F15CF1 /* IIIFService.swift */; };
		3BCEB31D1F0195C600D78403 /* WelcomeController.swift in Sources */ = {isa = PBXBuildFile; fileRef = 3BCEB31C1F0195C600D78403 /* WelcomeController.swift */; };
		3BE339341E76FC9200BFE46B /* CardDelegate.swift in Sources */ = {isa = PBXBuildFile; fileRef = 3BE339331E76FC9200BFE46B /* CardDelegate.swift */; };
		3BE339361E76FCAE00BFE46B /* CardListDelegate.swift in Sources */ = {isa = PBXBuildFile; fileRef = 3BE339351E76FCAE00BFE46B /* CardListDelegate.swift */; };
		3BE339381E76FCDA00BFE46B /* CanvasThumbnailDelegate.swift in Sources */ = {isa = PBXBuildFile; fileRef = 3BE339371E76FCDA00BFE46B /* CanvasThumbnailDelegate.swift */; };
		3BFCFF6B1EB7C98C00D4FCF2 /* MetadataCell.swift in Sources */ = {isa = PBXBuildFile; fileRef = 3BFCFF6A1EB7C98C00D4FCF2 /* MetadataCell.swift */; };
/* End PBXBuildFile section */

/* Begin PBXContainerItemProxy section */
		3B6819161E66F020008157E8 /* PBXContainerItemProxy */ = {
			isa = PBXContainerItemProxy;
			containerPortal = 3BBE78ED1E434C4E00F15CF1 /* Project object */;
			proxyType = 1;
			remoteGlobalIDString = 3B68190D1E66F020008157E8;
			remoteInfo = "Open in IIIF";
		};
/* End PBXContainerItemProxy section */

/* Begin PBXCopyFilesBuildPhase section */
		3B68191C1E66F020008157E8 /* Embed App Extensions */ = {
			isa = PBXCopyFilesBuildPhase;
			buildActionMask = 2147483647;
			dstPath = "";
			dstSubfolderSpec = 13;
			files = (
				3B6819181E66F020008157E8 /* Open in IIIF.appex in Embed App Extensions */,
			);
			name = "Embed App Extensions";
			runOnlyForDeploymentPostprocessing = 0;
		};
/* End PBXCopyFilesBuildPhase section */

/* Begin PBXFileReference section */
		3B0690BA1EB3EF8A00D5FA0A /* ImageUtil.swift */ = {isa = PBXFileReference; fileEncoding = 4; lastKnownFileType = sourcecode.swift; lineEnding = 0; path = ImageUtil.swift; sourceTree = "<group>"; xcLanguageSpecificationIdentifier = xcode.lang.swift; };
		3B0F52D01E69E1EF00EC1B97 /* cs */ = {isa = PBXFileReference; lastKnownFileType = text.plist.strings; name = cs; path = cs.lproj/Main.strings; sourceTree = "<group>"; };
		3B0F52D21E69E1EF00EC1B97 /* cs */ = {isa = PBXFileReference; lastKnownFileType = text.plist.strings; name = cs; path = cs.lproj/MainInterface.strings; sourceTree = "<group>"; };
		3B0F52D41E69E1FC00EC1B97 /* en */ = {isa = PBXFileReference; lastKnownFileType = text.plist.strings; name = en; path = en.lproj/Main.strings; sourceTree = "<group>"; };
		3B0F52D61E69E22D00EC1B97 /* en */ = {isa = PBXFileReference; lastKnownFileType = text.plist.strings; name = en; path = en.lproj/MainInterface.strings; sourceTree = "<group>"; };
		3B1553251F0406B500FC27E1 /* WelcomeCell.swift */ = {isa = PBXFileReference; fileEncoding = 4; lastKnownFileType = sourcecode.swift; path = WelcomeCell.swift; sourceTree = "<group>"; };
		3B1B73B41E688E91006F8E00 /* Constants.swift */ = {isa = PBXFileReference; fileEncoding = 4; lastKnownFileType = sourcecode.swift; lineEnding = 0; path = Constants.swift; sourceTree = "<group>"; xcLanguageSpecificationIdentifier = xcode.lang.swift; };
		3B2162121EBD064300856837 /* AboutController.swift */ = {isa = PBXFileReference; fileEncoding = 4; lastKnownFileType = sourcecode.swift; path = AboutController.swift; sourceTree = "<group>"; };
		3B35FBF01EE70CAE00902D29 /* data.json */ = {isa = PBXFileReference; fileEncoding = 4; lastKnownFileType = text.json; path = data.json; sourceTree = SOURCE_ROOT; };
		3B3C36911F19135A00FA99D7 /* ExplanationController.swift */ = {isa = PBXFileReference; fileEncoding = 4; lastKnownFileType = sourcecode.swift; path = ExplanationController.swift; sourceTree = "<group>"; };
		3B3C36931F19137E00FA99D7 /* ExplanationCell.swift */ = {isa = PBXFileReference; fileEncoding = 4; lastKnownFileType = sourcecode.swift; path = ExplanationCell.swift; sourceTree = "<group>"; };
		3B3E41551E59EE3800969D6C /* ManifestController.swift */ = {isa = PBXFileReference; fileEncoding = 4; lastKnownFileType = sourcecode.swift; path = ManifestController.swift; sourceTree = "<group>"; };
		3B4C40081E6D892500C06084 /* en */ = {isa = PBXFileReference; lastKnownFileType = text.plist.strings; name = en; path = en.lproj/Localizable.strings; sourceTree = "<group>"; };
		3B4C400A1E6D892700C06084 /* cs */ = {isa = PBXFileReference; lastKnownFileType = text.plist.strings; name = cs; path = cs.lproj/Localizable.strings; sourceTree = "<group>"; };
		3B555F2C1EB66A850025EC12 /* MetadataItem.swift */ = {isa = PBXFileReference; fileEncoding = 4; lastKnownFileType = sourcecode.swift; lineEnding = 0; path = MetadataItem.swift; sourceTree = "<group>"; xcLanguageSpecificationIdentifier = xcode.lang.swift; };
		3B5CC5C61E5AF88300A84A99 /* PageThumbnailCell.swift */ = {isa = PBXFileReference; fileEncoding = 4; lastKnownFileType = sourcecode.swift; path = PageThumbnailCell.swift; sourceTree = "<group>"; };
		3B5CC5C81E5AFF7A00A84A99 /* CanvasViewModel.swift */ = {isa = PBXFileReference; fileEncoding = 4; lastKnownFileType = sourcecode.swift; path = CanvasViewModel.swift; sourceTree = "<group>"; };
		3B5CC5CA1E5B39E900A84A99 /* ViewerController.swift */ = {isa = PBXFileReference; fileEncoding = 4; lastKnownFileType = sourcecode.swift; path = ViewerController.swift; sourceTree = "<group>"; };
		3B68190E1E66F020008157E8 /* Open in IIIF.appex */ = {isa = PBXFileReference; explicitFileType = "wrapper.app-extension"; includeInIndex = 0; path = "Open in IIIF.appex"; sourceTree = BUILT_PRODUCTS_DIR; };
		3B6819101E66F020008157E8 /* ActionViewController.swift */ = {isa = PBXFileReference; lastKnownFileType = sourcecode.swift; lineEnding = 0; path = ActionViewController.swift; sourceTree = "<group>"; xcLanguageSpecificationIdentifier = xcode.lang.swift; };
		3B6819131E66F020008157E8 /* Base */ = {isa = PBXFileReference; lastKnownFileType = file.storyboard; name = Base; path = Base.lproj/MainInterface.storyboard; sourceTree = "<group>"; };
		3B6819151E66F020008157E8 /* Info.plist */ = {isa = PBXFileReference; lastKnownFileType = text.plist.xml; path = Info.plist; sourceTree = "<group>"; };
		3B73F44F1E69C26500D96880 /* AssetsAction.xcassets */ = {isa = PBXFileReference; lastKnownFileType = folder.assetcatalog; path = AssetsAction.xcassets; sourceTree = "<group>"; };
		3B7FDDA81EE833A400EC5B55 /* ShareUtil.swift */ = {isa = PBXFileReference; fileEncoding = 4; lastKnownFileType = sourcecode.swift; path = ShareUtil.swift; sourceTree = "<group>"; };
		3B7FDDAC1EE8779400EC5B55 /* GoogleService-Info.plist */ = {isa = PBXFileReference; fileEncoding = 4; lastKnownFileType = text.plist.xml; path = "GoogleService-Info.plist"; sourceTree = SOURCE_ROOT; };
		3B7FDDAE1EE8850900EC5B55 /* AnalyticsUtil.swift */ = {isa = PBXFileReference; fileEncoding = 4; lastKnownFileType = sourcecode.swift; path = AnalyticsUtil.swift; sourceTree = "<group>"; };
		3B802BFD1F1A558600145464 /* cs */ = {isa = PBXFileReference; lastKnownFileType = text.plist.strings; name = cs; path = cs.lproj/InfoPlist.strings; sourceTree = "<group>"; };
		3B802BFF1F1A558B00145464 /* en */ = {isa = PBXFileReference; lastKnownFileType = text.plist.strings; name = en; path = en.lproj/InfoPlist.strings; sourceTree = "<group>"; };
		3B8939601E71D9BA003E7C1E /* CardViewModel.swift */ = {isa = PBXFileReference; fileEncoding = 4; lastKnownFileType = sourcecode.swift; path = CardViewModel.swift; sourceTree = "<group>"; };
		3B8B00891EB4CFD800407581 /* IIIFImageApi.swift */ = {isa = PBXFileReference; fileEncoding = 4; lastKnownFileType = sourcecode.swift; lineEnding = 0; path = IIIFImageApi.swift; sourceTree = "<group>"; xcLanguageSpecificationIdentifier = xcode.lang.swift; };
		3B98FE681E6767EA0016C1C6 /* MenuController.swift */ = {isa = PBXFileReference; fileEncoding = 4; lastKnownFileType = sourcecode.swift; path = MenuController.swift; sourceTree = "<group>"; };
		3B9ED5291E6337B100712ECB /* ViewerCell.swift */ = {isa = PBXFileReference; fileEncoding = 4; lastKnownFileType = sourcecode.swift; lineEnding = 0; path = ViewerCell.swift; sourceTree = "<group>"; xcLanguageSpecificationIdentifier = xcode.lang.swift; };
		3BA195381EE9A87C00753BF0 /* ThumbnailController.swift */ = {isa = PBXFileReference; fileEncoding = 4; lastKnownFileType = sourcecode.swift; path = ThumbnailController.swift; sourceTree = "<group>"; };
		3BA737151E51BB0700241FBF /* ManifestViewModel.swift */ = {isa = PBXFileReference; fileEncoding = 4; lastKnownFileType = sourcecode.swift; path = ManifestViewModel.swift; sourceTree = "<group>"; };
		3BA737191E52029D00241FBF /* CollectionViewModel.swift */ = {isa = PBXFileReference; fileEncoding = 4; lastKnownFileType = sourcecode.swift; lineEnding = 0; path = CollectionViewModel.swift; sourceTree = "<group>"; xcLanguageSpecificationIdentifier = xcode.lang.swift; };
		3BAFDDE41EB26E1D0085339A /* ListHeader.swift */ = {isa = PBXFileReference; fileEncoding = 4; lastKnownFileType = sourcecode.swift; path = ListHeader.swift; sourceTree = "<group>"; };
		3BB8F25B1E449BD10073FBD1 /* Metadata.swift */ = {isa = PBXFileReference; fileEncoding = 4; lastKnownFileType = sourcecode.swift; lineEnding = 0; path = Metadata.swift; sourceTree = "<group>"; xcLanguageSpecificationIdentifier = xcode.lang.swift; };
		3BBE78F51E434C4E00F15CF1 /* IIIF Presenter.app */ = {isa = PBXFileReference; explicitFileType = wrapper.application; includeInIndex = 0; path = "IIIF Presenter.app"; sourceTree = BUILT_PRODUCTS_DIR; };
		3BBE78F81E434C4E00F15CF1 /* AppDelegate.swift */ = {isa = PBXFileReference; lastKnownFileType = sourcecode.swift; lineEnding = 0; path = AppDelegate.swift; sourceTree = "<group>"; xcLanguageSpecificationIdentifier = xcode.lang.swift; };
		3BBE78FA1E434C4E00F15CF1 /* CardListController.swift */ = {isa = PBXFileReference; lastKnownFileType = sourcecode.swift; lineEnding = 0; path = CardListController.swift; sourceTree = "<group>"; xcLanguageSpecificationIdentifier = xcode.lang.swift; };
		3BBE78FD1E434C4E00F15CF1 /* Base */ = {isa = PBXFileReference; lastKnownFileType = file.storyboard; name = Base; path = Base.lproj/Main.storyboard; sourceTree = "<group>"; };
		3BBE78FF1E434C4E00F15CF1 /* Assets.xcassets */ = {isa = PBXFileReference; lastKnownFileType = folder.assetcatalog; path = Assets.xcassets; sourceTree = "<group>"; };
		3BBE79021E434C4E00F15CF1 /* Base */ = {isa = PBXFileReference; lastKnownFileType = file.storyboard; name = Base; path = Base.lproj/LaunchScreen.storyboard; sourceTree = "<group>"; };
		3BBE79041E434C4E00F15CF1 /* Info.plist */ = {isa = PBXFileReference; lastKnownFileType = text.plist.xml; path = Info.plist; sourceTree = "<group>"; };
		3BBE79101E4387D400F15CF1 /* CardCell.swift */ = {isa = PBXFileReference; fileEncoding = 4; lastKnownFileType = sourcecode.swift; path = CardCell.swift; sourceTree = "<group>"; };
		3BBE79131E43888500F15CF1 /* IIIFManifest.swift */ = {isa = PBXFileReference; fileEncoding = 4; lastKnownFileType = sourcecode.swift; path = IIIFManifest.swift; sourceTree = "<group>"; };
		3BBE79151E43981700F15CF1 /* IIIFSequence.swift */ = {isa = PBXFileReference; fileEncoding = 4; lastKnownFileType = sourcecode.swift; path = IIIFSequence.swift; sourceTree = "<group>"; };
		3BBE79171E43982D00F15CF1 /* IIIFCanvas.swift */ = {isa = PBXFileReference; fileEncoding = 4; lastKnownFileType = sourcecode.swift; path = IIIFCanvas.swift; sourceTree = "<group>"; };
		3BBE79191E4398C700F15CF1 /* IIIFAnnotation.swift */ = {isa = PBXFileReference; fileEncoding = 4; lastKnownFileType = sourcecode.swift; path = IIIFAnnotation.swift; sourceTree = "<group>"; };
		3BBE791B1E4398FE00F15CF1 /* IIIFRange.swift */ = {isa = PBXFileReference; fileEncoding = 4; lastKnownFileType = sourcecode.swift; path = IIIFRange.swift; sourceTree = "<group>"; };
		3BBE791D1E43993500F15CF1 /* IIIFLayer.swift */ = {isa = PBXFileReference; fileEncoding = 4; lastKnownFileType = sourcecode.swift; path = IIIFLayer.swift; sourceTree = "<group>"; };
		3BBE791F1E43995300F15CF1 /* IIIFCollection.swift */ = {isa = PBXFileReference; fileEncoding = 4; lastKnownFileType = sourcecode.swift; path = IIIFCollection.swift; sourceTree = "<group>"; };
		3BBE79211E43997400F15CF1 /* IIIFAnnotationList.swift */ = {isa = PBXFileReference; fileEncoding = 4; lastKnownFileType = sourcecode.swift; path = IIIFAnnotationList.swift; sourceTree = "<group>"; };
		3BBE79231E439B4700F15CF1 /* MultiProperty.swift */ = {isa = PBXFileReference; fileEncoding = 4; lastKnownFileType = sourcecode.swift; lineEnding = 0; path = MultiProperty.swift; sourceTree = "<group>"; xcLanguageSpecificationIdentifier = xcode.lang.swift; };
		3BBE79251E43BAA800F15CF1 /* IIIFImage.swift */ = {isa = PBXFileReference; fileEncoding = 4; lastKnownFileType = sourcecode.swift; path = IIIFImage.swift; sourceTree = "<group>"; };
		3BBE79271E43BF0300F15CF1 /* IIIFService.swift */ = {isa = PBXFileReference; fileEncoding = 4; lastKnownFileType = sourcecode.swift; path = IIIFService.swift; sourceTree = "<group>"; };
		3BCEB31C1F0195C600D78403 /* WelcomeController.swift */ = {isa = PBXFileReference; fileEncoding = 4; lastKnownFileType = sourcecode.swift; path = WelcomeController.swift; sourceTree = "<group>"; };
		3BE339331E76FC9200BFE46B /* CardDelegate.swift */ = {isa = PBXFileReference; fileEncoding = 4; lastKnownFileType = sourcecode.swift; path = CardDelegate.swift; sourceTree = "<group>"; };
		3BE339351E76FCAE00BFE46B /* CardListDelegate.swift */ = {isa = PBXFileReference; fileEncoding = 4; lastKnownFileType = sourcecode.swift; path = CardListDelegate.swift; sourceTree = "<group>"; };
		3BE339371E76FCDA00BFE46B /* CanvasThumbnailDelegate.swift */ = {isa = PBXFileReference; fileEncoding = 4; lastKnownFileType = sourcecode.swift; path = CanvasThumbnailDelegate.swift; sourceTree = "<group>"; };
		3BFCFF6A1EB7C98C00D4FCF2 /* MetadataCell.swift */ = {isa = PBXFileReference; fileEncoding = 4; lastKnownFileType = sourcecode.swift; path = MetadataCell.swift; sourceTree = "<group>"; };
		6B80C97625F9BD361AEA8003 /* Pods_IIIF_Presenter.framework */ = {isa = PBXFileReference; explicitFileType = wrapper.framework; includeInIndex = 0; path = Pods_IIIF_Presenter.framework; sourceTree = BUILT_PRODUCTS_DIR; };
		765DA964D21E6E9BB79D35F6 /* Pods-IIIF Presenter.release.xcconfig */ = {isa = PBXFileReference; includeInIndex = 1; lastKnownFileType = text.xcconfig; name = "Pods-IIIF Presenter.release.xcconfig"; path = "Pods/Target Support Files/Pods-IIIF Presenter/Pods-IIIF Presenter.release.xcconfig"; sourceTree = "<group>"; };
		F888E2C2533E77C2561F7D65 /* Pods-IIIF Presenter.debug.xcconfig */ = {isa = PBXFileReference; includeInIndex = 1; lastKnownFileType = text.xcconfig; name = "Pods-IIIF Presenter.debug.xcconfig"; path = "Pods/Target Support Files/Pods-IIIF Presenter/Pods-IIIF Presenter.debug.xcconfig"; sourceTree = "<group>"; };
/* End PBXFileReference section */

/* Begin PBXFrameworksBuildPhase section */
		3B68190B1E66F020008157E8 /* Frameworks */ = {
			isa = PBXFrameworksBuildPhase;
			buildActionMask = 2147483647;
			files = (
			);
			runOnlyForDeploymentPostprocessing = 0;
		};
		3BBE78F21E434C4E00F15CF1 /* Frameworks */ = {
			isa = PBXFrameworksBuildPhase;
			buildActionMask = 2147483647;
			files = (
				0855C4A68F5755E555565A4F /* Pods_IIIF_Presenter.framework in Frameworks */,
			);
			runOnlyForDeploymentPostprocessing = 0;
		};
/* End PBXFrameworksBuildPhase section */

/* Begin PBXGroup section */
		3B0690B91EB3EF7500D5FA0A /* Utils */ = {
			isa = PBXGroup;
			children = (
				3B0690BA1EB3EF8A00D5FA0A /* ImageUtil.swift */,
				3B7FDDA81EE833A400EC5B55 /* ShareUtil.swift */,
				3B7FDDAE1EE8850900EC5B55 /* AnalyticsUtil.swift */,
			);
			name = Utils;
			sourceTree = "<group>";
		};
		3B557F661F30B7A6008DFD20 /* Reusable */ = {
			isa = PBXGroup;
			children = (
				3B1553251F0406B500FC27E1 /* WelcomeCell.swift */,
				3BBE79101E4387D400F15CF1 /* CardCell.swift */,
				3B5CC5C61E5AF88300A84A99 /* PageThumbnailCell.swift */,
				3B9ED5291E6337B100712ECB /* ViewerCell.swift */,
				3BFCFF6A1EB7C98C00D4FCF2 /* MetadataCell.swift */,
				3BAFDDE41EB26E1D0085339A /* ListHeader.swift */,
				3B3C36931F19137E00FA99D7 /* ExplanationCell.swift */,
			);
			name = Reusable;
			sourceTree = "<group>";
		};
		3B68190F1E66F020008157E8 /* Open in IIIF */ = {
			isa = PBXGroup;
			children = (
				3B6819101E66F020008157E8 /* ActionViewController.swift */,
				3B73F44F1E69C26500D96880 /* AssetsAction.xcassets */,
				3B6819121E66F020008157E8 /* MainInterface.storyboard */,
				3B6819151E66F020008157E8 /* Info.plist */,
				3B802BFE1F1A558600145464 /* InfoPlist.strings */,
			);
			path = "Open in IIIF";
			sourceTree = "<group>";
		};
		3BA737171E51BB0D00241FBF /* ViewModel */ = {
			isa = PBXGroup;
			children = (
				3BA737151E51BB0700241FBF /* ManifestViewModel.swift */,
				3B8939601E71D9BA003E7C1E /* CardViewModel.swift */,
				3BA737191E52029D00241FBF /* CollectionViewModel.swift */,
				3B5CC5C81E5AFF7A00A84A99 /* CanvasViewModel.swift */,
			);
			name = ViewModel;
			sourceTree = "<group>";
		};
		3BA737181E51BB3B00241FBF /* View */ = {
			isa = PBXGroup;
			children = (
				3B98FE681E6767EA0016C1C6 /* MenuController.swift */,
				3BCEB31C1F0195C600D78403 /* WelcomeController.swift */,
				3B2162121EBD064300856837 /* AboutController.swift */,
				3B3E41551E59EE3800969D6C /* ManifestController.swift */,
				3BBE78FA1E434C4E00F15CF1 /* CardListController.swift */,
				3B5CC5CA1E5B39E900A84A99 /* ViewerController.swift */,
				3BA195381EE9A87C00753BF0 /* ThumbnailController.swift */,
				3B3C36911F19135A00FA99D7 /* ExplanationController.swift */,
				3B557F661F30B7A6008DFD20 /* Reusable */,
			);
			name = View;
			sourceTree = "<group>";
		};
		3BBE78EC1E434C4E00F15CF1 = {
			isa = PBXGroup;
			children = (
				3BBE78F71E434C4E00F15CF1 /* IIIF Presenter */,
				3B68190F1E66F020008157E8 /* Open in IIIF */,
				3BBE78F61E434C4E00F15CF1 /* Products */,
				B32F72FAEDDB1B9EBF276247 /* Pods */,
				FF120450D87A68AC62A379BF /* Frameworks */,
			);
			sourceTree = "<group>";
		};
		3BBE78F61E434C4E00F15CF1 /* Products */ = {
			isa = PBXGroup;
			children = (
				3BBE78F51E434C4E00F15CF1 /* IIIF Presenter.app */,
				3B68190E1E66F020008157E8 /* Open in IIIF.appex */,
			);
			name = Products;
			sourceTree = "<group>";
		};
		3BBE78F71E434C4E00F15CF1 /* IIIF Presenter */ = {
			isa = PBXGroup;
			children = (
				3B1B73B41E688E91006F8E00 /* Constants.swift */,
				3BBE78F81E434C4E00F15CF1 /* AppDelegate.swift */,
				3B0690B91EB3EF7500D5FA0A /* Utils */,
				3BE339321E76FC8800BFE46B /* Protocols */,
				3BA737181E51BB3B00241FBF /* View */,
				3BA737171E51BB0D00241FBF /* ViewModel */,
				3BBE79121E43886300F15CF1 /* Model */,
				3BBE78FC1E434C4E00F15CF1 /* Main.storyboard */,
				3BBE78FF1E434C4E00F15CF1 /* Assets.xcassets */,
				3BBE79011E434C4E00F15CF1 /* LaunchScreen.storyboard */,
				3B4C40091E6D892500C06084 /* Localizable.strings */,
				3BBE79041E434C4E00F15CF1 /* Info.plist */,
				3B35FBF01EE70CAE00902D29 /* data.json */,
				3B7FDDAC1EE8779400EC5B55 /* GoogleService-Info.plist */,
			);
			path = "IIIF Presenter";
			sourceTree = "<group>";
		};
		3BBE79121E43886300F15CF1 /* Model */ = {
			isa = PBXGroup;
			children = (
				3BBE791F1E43995300F15CF1 /* IIIFCollection.swift */,
				3BBE79131E43888500F15CF1 /* IIIFManifest.swift */,
				3BBE79151E43981700F15CF1 /* IIIFSequence.swift */,
				3BBE79171E43982D00F15CF1 /* IIIFCanvas.swift */,
				3BBE791B1E4398FE00F15CF1 /* IIIFRange.swift */,
				3BBE791D1E43993500F15CF1 /* IIIFLayer.swift */,
				3BBE79191E4398C700F15CF1 /* IIIFAnnotation.swift */,
				3BBE79211E43997400F15CF1 /* IIIFAnnotationList.swift */,
				3BBE79251E43BAA800F15CF1 /* IIIFImage.swift */,
				3BBE79271E43BF0300F15CF1 /* IIIFService.swift */,
				3BBE79231E439B4700F15CF1 /* MultiProperty.swift */,
				3BB8F25B1E449BD10073FBD1 /* Metadata.swift */,
				3B555F2C1EB66A850025EC12 /* MetadataItem.swift */,
				3B8B00891EB4CFD800407581 /* IIIFImageApi.swift */,
			);
			name = Model;
			sourceTree = "<group>";
		};
		3BE339321E76FC8800BFE46B /* Protocols */ = {
			isa = PBXGroup;
			children = (
				3BE339331E76FC9200BFE46B /* CardDelegate.swift */,
				3BE339371E76FCDA00BFE46B /* CanvasThumbnailDelegate.swift */,
				3BE339351E76FCAE00BFE46B /* CardListDelegate.swift */,
			);
			name = Protocols;
			sourceTree = "<group>";
		};
		B32F72FAEDDB1B9EBF276247 /* Pods */ = {
			isa = PBXGroup;
			children = (
				F888E2C2533E77C2561F7D65 /* Pods-IIIF Presenter.debug.xcconfig */,
				765DA964D21E6E9BB79D35F6 /* Pods-IIIF Presenter.release.xcconfig */,
			);
			name = Pods;
			sourceTree = "<group>";
		};
		FF120450D87A68AC62A379BF /* Frameworks */ = {
			isa = PBXGroup;
			children = (
				6B80C97625F9BD361AEA8003 /* Pods_IIIF_Presenter.framework */,
			);
			name = Frameworks;
			sourceTree = "<group>";
		};
/* End PBXGroup section */

/* Begin PBXNativeTarget section */
		3B68190D1E66F020008157E8 /* Open in IIIF */ = {
			isa = PBXNativeTarget;
			buildConfigurationList = 3B68191B1E66F020008157E8 /* Build configuration list for PBXNativeTarget "Open in IIIF" */;
			buildPhases = (
				3B68190A1E66F020008157E8 /* Sources */,
				3B68190B1E66F020008157E8 /* Frameworks */,
				3B68190C1E66F020008157E8 /* Resources */,
			);
			buildRules = (
			);
			dependencies = (
			);
			name = "Open in IIIF";
			productName = "Open in IIIF";
			productReference = 3B68190E1E66F020008157E8 /* Open in IIIF.appex */;
			productType = "com.apple.product-type.app-extension";
		};
		3BBE78F41E434C4E00F15CF1 /* IIIF Presenter */ = {
			isa = PBXNativeTarget;
			buildConfigurationList = 3BBE79071E434C4E00F15CF1 /* Build configuration list for PBXNativeTarget "IIIF Presenter" */;
			buildPhases = (
				5829C2E4D28993B3A488588A /* [CP] Check Pods Manifest.lock */,
				3BBE78F11E434C4E00F15CF1 /* Sources */,
				3BBE78F21E434C4E00F15CF1 /* Frameworks */,
				3BBE78F31E434C4E00F15CF1 /* Resources */,
				828A66156BE8CB70A8315E39 /* [CP] Embed Pods Frameworks */,
				DE142CA73F750CE22E21BB4F /* [CP] Copy Pods Resources */,
				3B68191C1E66F020008157E8 /* Embed App Extensions */,
				3BA1953A1EE9BEA700753BF0 /* ShellScript */,
			);
			buildRules = (
			);
			dependencies = (
				3B6819171E66F020008157E8 /* PBXTargetDependency */,
			);
			name = "IIIF Presenter";
			productName = "IIIF Presenter";
			productReference = 3BBE78F51E434C4E00F15CF1 /* IIIF Presenter.app */;
			productType = "com.apple.product-type.application";
		};
/* End PBXNativeTarget section */

/* Begin PBXProject section */
		3BBE78ED1E434C4E00F15CF1 /* Project object */ = {
			isa = PBXProject;
			attributes = {
				LastSwiftUpdateCheck = 0820;
				LastUpgradeCheck = 0910;
				ORGANIZATIONNAME = "Jakub Fiser";
				TargetAttributes = {
					3B68190D1E66F020008157E8 = {
						CreatedOnToolsVersion = 8.2.1;
						DevelopmentTeam = 873S4GA3KJ;
						LastSwiftMigration = 0900;
						ProvisioningStyle = Manual;
					};
					3BBE78F41E434C4E00F15CF1 = {
						CreatedOnToolsVersion = 8.2.1;
						DevelopmentTeam = 873S4GA3KJ;
						LastSwiftMigration = 0900;
						ProvisioningStyle = Manual;
						SystemCapabilities = {
							com.apple.SafariKeychain = {
								enabled = 0;
							};
						};
					};
				};
			};
			buildConfigurationList = 3BBE78F01E434C4E00F15CF1 /* Build configuration list for PBXProject "IIIF Presenter" */;
			compatibilityVersion = "Xcode 3.2";
			developmentRegion = English;
			hasScannedForEncodings = 0;
			knownRegions = (
				en,
				Base,
				cs,
			);
			mainGroup = 3BBE78EC1E434C4E00F15CF1;
			productRefGroup = 3BBE78F61E434C4E00F15CF1 /* Products */;
			projectDirPath = "";
			projectRoot = "";
			targets = (
				3BBE78F41E434C4E00F15CF1 /* IIIF Presenter */,
				3B68190D1E66F020008157E8 /* Open in IIIF */,
			);
		};
/* End PBXProject section */

/* Begin PBXResourcesBuildPhase section */
		3B68190C1E66F020008157E8 /* Resources */ = {
			isa = PBXResourcesBuildPhase;
			buildActionMask = 2147483647;
			files = (
				3B73F4501E69C26500D96880 /* AssetsAction.xcassets in Resources */,
				3B802BFC1F1A558600145464 /* InfoPlist.strings in Resources */,
				3B6819141E66F020008157E8 /* MainInterface.storyboard in Resources */,
			);
			runOnlyForDeploymentPostprocessing = 0;
		};
		3BBE78F31E434C4E00F15CF1 /* Resources */ = {
			isa = PBXResourcesBuildPhase;
			buildActionMask = 2147483647;
			files = (
				3BBE79031E434C4E00F15CF1 /* LaunchScreen.storyboard in Resources */,
				3B4C40071E6D892500C06084 /* Localizable.strings in Resources */,
				3BBE79001E434C4E00F15CF1 /* Assets.xcassets in Resources */,
				3B35FBF11EE70CAE00902D29 /* data.json in Resources */,
				3BBE78FE1E434C4E00F15CF1 /* Main.storyboard in Resources */,
				3B7FDDAD1EE8779400EC5B55 /* GoogleService-Info.plist in Resources */,
			);
			runOnlyForDeploymentPostprocessing = 0;
		};
/* End PBXResourcesBuildPhase section */

/* Begin PBXShellScriptBuildPhase section */
		3BA1953A1EE9BEA700753BF0 /* ShellScript */ = {
			isa = PBXShellScriptBuildPhase;
			buildActionMask = 2147483647;
			files = (
			);
			inputPaths = (
			);
			outputPaths = (
			);
			runOnlyForDeploymentPostprocessing = 0;
			shellPath = /bin/sh;
			shellScript = "\"${PODS_ROOT}/Fabric/run\" 54b5098851d99bd0b6b19275ae0c416992e25e5e 09754c0c35dc26dc99a88ae073ac6220505d82d75854948cfa99f08a4b2afeee";
		};
		5829C2E4D28993B3A488588A /* [CP] Check Pods Manifest.lock */ = {
			isa = PBXShellScriptBuildPhase;
			buildActionMask = 2147483647;
			files = (
			);
			inputPaths = (
				"${PODS_PODFILE_DIR_PATH}/Podfile.lock",
				"${PODS_ROOT}/Manifest.lock",
			);
			name = "[CP] Check Pods Manifest.lock";
			outputPaths = (
				"$(DERIVED_FILE_DIR)/Pods-IIIF Presenter-checkManifestLockResult.txt",
			);
			runOnlyForDeploymentPostprocessing = 0;
			shellPath = /bin/sh;
			shellScript = "diff \"${PODS_PODFILE_DIR_PATH}/Podfile.lock\" \"${PODS_ROOT}/Manifest.lock\" > /dev/null\nif [ $? != 0 ] ; then\n    # print error to STDERR\n    echo \"error: The sandbox is not in sync with the Podfile.lock. Run 'pod install' or update your CocoaPods installation.\" >&2\n    exit 1\nfi\n# This output is used by Xcode 'outputs' to avoid re-running this script phase.\necho \"SUCCESS\" > \"${SCRIPT_OUTPUT_FILE_0}\"\n";
			showEnvVarsInLog = 0;
		};
		828A66156BE8CB70A8315E39 /* [CP] Embed Pods Frameworks */ = {
			isa = PBXShellScriptBuildPhase;
			buildActionMask = 2147483647;
			files = (
			);
			inputPaths = (
				"${SRCROOT}/Pods/Target Support Files/Pods-IIIF Presenter/Pods-IIIF Presenter-frameworks.sh",
				"${BUILT_PRODUCTS_DIR}/Bond/Bond.framework",
				"${BUILT_PRODUCTS_DIR}/CocoaLumberjack/CocoaLumberjack.framework",
				"${BUILT_PRODUCTS_DIR}/Differ/Differ.framework",
				"${BUILT_PRODUCTS_DIR}/GoogleToolboxForMac/GoogleToolboxForMac.framework",
				"${BUILT_PRODUCTS_DIR}/ReactiveKit/ReactiveKit.framework",
				"${BUILT_PRODUCTS_DIR}/SDWebImage/SDWebImage.framework",
				"${BUILT_PRODUCTS_DIR}/iOSTiledViewer/iOSTiledViewer.framework",
				"${BUILT_PRODUCTS_DIR}/libwebp/libwebp.framework",
				"${BUILT_PRODUCTS_DIR}/nanopb/nanopb.framework",
			);
			name = "[CP] Embed Pods Frameworks";
			outputPaths = (
				"${TARGET_BUILD_DIR}/${FRAMEWORKS_FOLDER_PATH}/Bond.framework",
				"${TARGET_BUILD_DIR}/${FRAMEWORKS_FOLDER_PATH}/CocoaLumberjack.framework",
				"${TARGET_BUILD_DIR}/${FRAMEWORKS_FOLDER_PATH}/Differ.framework",
				"${TARGET_BUILD_DIR}/${FRAMEWORKS_FOLDER_PATH}/GoogleToolboxForMac.framework",
				"${TARGET_BUILD_DIR}/${FRAMEWORKS_FOLDER_PATH}/ReactiveKit.framework",
				"${TARGET_BUILD_DIR}/${FRAMEWORKS_FOLDER_PATH}/SDWebImage.framework",
				"${TARGET_BUILD_DIR}/${FRAMEWORKS_FOLDER_PATH}/iOSTiledViewer.framework",
				"${TARGET_BUILD_DIR}/${FRAMEWORKS_FOLDER_PATH}/libwebp.framework",
				"${TARGET_BUILD_DIR}/${FRAMEWORKS_FOLDER_PATH}/nanopb.framework",
			);
			runOnlyForDeploymentPostprocessing = 0;
			shellPath = /bin/sh;
			shellScript = "\"${SRCROOT}/Pods/Target Support Files/Pods-IIIF Presenter/Pods-IIIF Presenter-frameworks.sh\"\n";
			showEnvVarsInLog = 0;
		};
		DE142CA73F750CE22E21BB4F /* [CP] Copy Pods Resources */ = {
			isa = PBXShellScriptBuildPhase;
			buildActionMask = 2147483647;
			files = (
			);
			inputPaths = (
			);
			name = "[CP] Copy Pods Resources";
			outputPaths = (
			);
			runOnlyForDeploymentPostprocessing = 0;
			shellPath = /bin/sh;
			shellScript = "\"${SRCROOT}/Pods/Target Support Files/Pods-IIIF Presenter/Pods-IIIF Presenter-resources.sh\"\n";
			showEnvVarsInLog = 0;
		};
/* End PBXShellScriptBuildPhase section */

/* Begin PBXSourcesBuildPhase section */
		3B68190A1E66F020008157E8 /* Sources */ = {
			isa = PBXSourcesBuildPhase;
			buildActionMask = 2147483647;
			files = (
				3B6819111E66F020008157E8 /* ActionViewController.swift in Sources */,
			);
			runOnlyForDeploymentPostprocessing = 0;
		};
		3BBE78F11E434C4E00F15CF1 /* Sources */ = {
			isa = PBXSourcesBuildPhase;
			buildActionMask = 2147483647;
			files = (
				3BAFDDE51EB26E1D0085339A /* ListHeader.swift in Sources */,
				3BA7371A1E52029D00241FBF /* CollectionViewModel.swift in Sources */,
				3BBE79141E43888500F15CF1 /* IIIFManifest.swift in Sources */,
				3BBE79281E43BF0300F15CF1 /* IIIFService.swift in Sources */,
				3BBE79201E43995300F15CF1 /* IIIFCollection.swift in Sources */,
				3BBE79111E4387D400F15CF1 /* CardCell.swift in Sources */,
				3B1553261F0406B500FC27E1 /* WelcomeCell.swift in Sources */,
				3B1B73B51E688E91006F8E00 /* Constants.swift in Sources */,
				3BBE78FB1E434C4E00F15CF1 /* CardListController.swift in Sources */,
				3BE339361E76FCAE00BFE46B /* CardListDelegate.swift in Sources */,
				3BA737161E51BB0700241FBF /* ManifestViewModel.swift in Sources */,
				3BBE791C1E4398FE00F15CF1 /* IIIFRange.swift in Sources */,
				3B3E41561E59EE3800969D6C /* ManifestController.swift in Sources */,
				3B7FDDAF1EE8850900EC5B55 /* AnalyticsUtil.swift in Sources */,
				3B3C36921F19135A00FA99D7 /* ExplanationController.swift in Sources */,
				3BBE79161E43981700F15CF1 /* IIIFSequence.swift in Sources */,
				3B2162131EBD064300856837 /* AboutController.swift in Sources */,
				3B9ED52A1E6337B100712ECB /* ViewerCell.swift in Sources */,
				3BB8F25C1E449BD10073FBD1 /* Metadata.swift in Sources */,
				3B8B008A1EB4CFD800407581 /* IIIFImageApi.swift in Sources */,
				3BBE79261E43BAA800F15CF1 /* IIIFImage.swift in Sources */,
				3BE339381E76FCDA00BFE46B /* CanvasThumbnailDelegate.swift in Sources */,
				3B5CC5CB1E5B39E900A84A99 /* ViewerController.swift in Sources */,
				3BBE79221E43997400F15CF1 /* IIIFAnnotationList.swift in Sources */,
				3BCEB31D1F0195C600D78403 /* WelcomeController.swift in Sources */,
				3BE339341E76FC9200BFE46B /* CardDelegate.swift in Sources */,
				3BFCFF6B1EB7C98C00D4FCF2 /* MetadataCell.swift in Sources */,
				3B98FE691E6767EA0016C1C6 /* MenuController.swift in Sources */,
				3BBE78F91E434C4E00F15CF1 /* AppDelegate.swift in Sources */,
				3BBE791E1E43993500F15CF1 /* IIIFLayer.swift in Sources */,
				3BA195391EE9A87C00753BF0 /* ThumbnailController.swift in Sources */,
				3B8939611E71D9BA003E7C1E /* CardViewModel.swift in Sources */,
				3BBE791A1E4398C700F15CF1 /* IIIFAnnotation.swift in Sources */,
				3B0690BB1EB3EF8A00D5FA0A /* ImageUtil.swift in Sources */,
				3B3C36941F19137E00FA99D7 /* ExplanationCell.swift in Sources */,
				3BBE79241E439B4700F15CF1 /* MultiProperty.swift in Sources */,
				3BBE79181E43982D00F15CF1 /* IIIFCanvas.swift in Sources */,
				3B555F2D1EB66A860025EC12 /* MetadataItem.swift in Sources */,
				3B5CC5C71E5AF88300A84A99 /* PageThumbnailCell.swift in Sources */,
				3B5CC5C91E5AFF7A00A84A99 /* CanvasViewModel.swift in Sources */,
				3B7FDDA91EE833A400EC5B55 /* ShareUtil.swift in Sources */,
			);
			runOnlyForDeploymentPostprocessing = 0;
		};
/* End PBXSourcesBuildPhase section */

/* Begin PBXTargetDependency section */
		3B6819171E66F020008157E8 /* PBXTargetDependency */ = {
			isa = PBXTargetDependency;
			target = 3B68190D1E66F020008157E8 /* Open in IIIF */;
			targetProxy = 3B6819161E66F020008157E8 /* PBXContainerItemProxy */;
		};
/* End PBXTargetDependency section */

/* Begin PBXVariantGroup section */
		3B4C40091E6D892500C06084 /* Localizable.strings */ = {
			isa = PBXVariantGroup;
			children = (
				3B4C40081E6D892500C06084 /* en */,
				3B4C400A1E6D892700C06084 /* cs */,
			);
			name = Localizable.strings;
			sourceTree = "<group>";
		};
		3B6819121E66F020008157E8 /* MainInterface.storyboard */ = {
			isa = PBXVariantGroup;
			children = (
				3B6819131E66F020008157E8 /* Base */,
				3B0F52D21E69E1EF00EC1B97 /* cs */,
				3B0F52D61E69E22D00EC1B97 /* en */,
			);
			name = MainInterface.storyboard;
			sourceTree = "<group>";
		};
		3B802BFE1F1A558600145464 /* InfoPlist.strings */ = {
			isa = PBXVariantGroup;
			children = (
				3B802BFD1F1A558600145464 /* cs */,
				3B802BFF1F1A558B00145464 /* en */,
			);
			name = InfoPlist.strings;
			sourceTree = "<group>";
		};
		3BBE78FC1E434C4E00F15CF1 /* Main.storyboard */ = {
			isa = PBXVariantGroup;
			children = (
				3BBE78FD1E434C4E00F15CF1 /* Base */,
				3B0F52D01E69E1EF00EC1B97 /* cs */,
				3B0F52D41E69E1FC00EC1B97 /* en */,
			);
			name = Main.storyboard;
			sourceTree = "<group>";
		};
		3BBE79011E434C4E00F15CF1 /* LaunchScreen.storyboard */ = {
			isa = PBXVariantGroup;
			children = (
				3BBE79021E434C4E00F15CF1 /* Base */,
			);
			name = LaunchScreen.storyboard;
			sourceTree = "<group>";
		};
/* End PBXVariantGroup section */

/* Begin XCBuildConfiguration section */
		3B6819191E66F020008157E8 /* Debug */ = {
			isa = XCBuildConfiguration;
			buildSettings = {
				ASSETCATALOG_COMPILER_APPICON_NAME = AppIconAction;
				DEVELOPMENT_TEAM = 873S4GA3KJ;
				FRAMEWORK_SEARCH_PATHS = (
					"$(PROJECT_DIR)/**",
					"$(inherited)",
				);
				HEADER_SEARCH_PATHS = (
					"$(PROJECT_DIR)/**",
					"$(inherited)",
				);
				INFOPLIST_FILE = "Open in IIIF/Info.plist";
				IPHONEOS_DEPLOYMENT_TARGET = 8.0;
				LD_RUNPATH_SEARCH_PATHS = "$(inherited) @executable_path/Frameworks @executable_path/../../Frameworks";
				LIBRARY_SEARCH_PATHS = (
					"$(PROJECT_DIR)/**",
					"$(inherited)",
				);
				PRODUCT_BUNDLE_IDENTIFIER = cz.mzk.ios.iiif.presenter.extension;
				PRODUCT_NAME = "$(TARGET_NAME)";
				PROVISIONING_PROFILE = "7a270d4e-8a9e-44bc-bfa6-b5b4235feffc";
				PROVISIONING_PROFILE_SPECIFIER = "IIIF Development";
				SKIP_INSTALL = YES;
				SWIFT_SWIFT3_OBJC_INFERENCE = Default;
				SWIFT_VERSION = 4.0;
				TARGETED_DEVICE_FAMILY = "1,2";
			};
			name = Debug;
		};
		3B68191A1E66F020008157E8 /* Release */ = {
			isa = XCBuildConfiguration;
			buildSettings = {
				ASSETCATALOG_COMPILER_APPICON_NAME = AppIconAction;
				"CODE_SIGN_IDENTITY[sdk=iphoneos*]" = "iPhone Distribution";
				DEVELOPMENT_TEAM = 873S4GA3KJ;
				FRAMEWORK_SEARCH_PATHS = (
					"$(PROJECT_DIR)/**",
					"$(inherited)",
				);
				HEADER_SEARCH_PATHS = (
					"$(PROJECT_DIR)/**",
					"$(inherited)",
				);
				INFOPLIST_FILE = "Open in IIIF/Info.plist";
				IPHONEOS_DEPLOYMENT_TARGET = 8.0;
				LD_RUNPATH_SEARCH_PATHS = "$(inherited) @executable_path/Frameworks @executable_path/../../Frameworks";
				LIBRARY_SEARCH_PATHS = (
					"$(PROJECT_DIR)/**",
					"$(inherited)",
				);
				PRODUCT_BUNDLE_IDENTIFIER = cz.mzk.ios.iiif.presenter.extension;
				PRODUCT_NAME = "$(TARGET_NAME)";
				PROVISIONING_PROFILE = "e97c827d-2581-4145-ae4f-2fcd5ed68ce0";
				PROVISIONING_PROFILE_SPECIFIER = "IIIF Distribution";
				SKIP_INSTALL = YES;
				SWIFT_SWIFT3_OBJC_INFERENCE = Default;
				SWIFT_VERSION = 4.0;
				TARGETED_DEVICE_FAMILY = "1,2";
			};
			name = Release;
		};
		3BBE79051E434C4E00F15CF1 /* Debug */ = {
			isa = XCBuildConfiguration;
			buildSettings = {
				ALWAYS_SEARCH_USER_PATHS = NO;
				CLANG_ANALYZER_LOCALIZABILITY_NONLOCALIZED = YES;
				CLANG_ANALYZER_NONNULL = YES;
				CLANG_CXX_LANGUAGE_STANDARD = "gnu++0x";
				CLANG_CXX_LIBRARY = "libc++";
				CLANG_ENABLE_MODULES = YES;
				CLANG_ENABLE_OBJC_ARC = YES;
				CLANG_WARN_BLOCK_CAPTURE_AUTORELEASING = YES;
				CLANG_WARN_BOOL_CONVERSION = YES;
				CLANG_WARN_COMMA = YES;
				CLANG_WARN_CONSTANT_CONVERSION = YES;
				CLANG_WARN_DIRECT_OBJC_ISA_USAGE = YES_ERROR;
				CLANG_WARN_DOCUMENTATION_COMMENTS = YES;
				CLANG_WARN_EMPTY_BODY = YES;
				CLANG_WARN_ENUM_CONVERSION = YES;
				CLANG_WARN_INFINITE_RECURSION = YES;
				CLANG_WARN_INT_CONVERSION = YES;
				CLANG_WARN_NON_LITERAL_NULL_CONVERSION = YES;
				CLANG_WARN_OBJC_LITERAL_CONVERSION = YES;
				CLANG_WARN_OBJC_ROOT_CLASS = YES_ERROR;
				CLANG_WARN_RANGE_LOOP_ANALYSIS = YES;
				CLANG_WARN_STRICT_PROTOTYPES = YES;
				CLANG_WARN_SUSPICIOUS_MOVE = YES;
				CLANG_WARN_UNREACHABLE_CODE = YES;
				CLANG_WARN__DUPLICATE_METHOD_MATCH = YES;
				"CODE_SIGN_IDENTITY[sdk=iphoneos*]" = "iPhone Developer";
				COPY_PHASE_STRIP = NO;
				DEBUG_INFORMATION_FORMAT = dwarf;
				ENABLE_STRICT_OBJC_MSGSEND = YES;
				ENABLE_TESTABILITY = YES;
				GCC_C_LANGUAGE_STANDARD = gnu99;
				GCC_DYNAMIC_NO_PIC = NO;
				GCC_NO_COMMON_BLOCKS = YES;
				GCC_OPTIMIZATION_LEVEL = 0;
				GCC_PREPROCESSOR_DEFINITIONS = (
					"DEBUG=1",
					"$(inherited)",
				);
				GCC_WARN_64_TO_32_BIT_CONVERSION = YES;
				GCC_WARN_ABOUT_RETURN_TYPE = YES_ERROR;
				GCC_WARN_UNDECLARED_SELECTOR = YES;
				GCC_WARN_UNINITIALIZED_AUTOS = YES_AGGRESSIVE;
				GCC_WARN_UNUSED_FUNCTION = YES;
				GCC_WARN_UNUSED_VARIABLE = YES;
				IPHONEOS_DEPLOYMENT_TARGET = 9.0;
				MTL_ENABLE_DEBUG_INFO = YES;
				ONLY_ACTIVE_ARCH = YES;
				SDKROOT = iphoneos;
				SWIFT_ACTIVE_COMPILATION_CONDITIONS = DEBUG;
				SWIFT_OPTIMIZATION_LEVEL = "-Onone";
			};
			name = Debug;
		};
		3BBE79061E434C4E00F15CF1 /* Release */ = {
			isa = XCBuildConfiguration;
			buildSettings = {
				ALWAYS_SEARCH_USER_PATHS = NO;
				CLANG_ANALYZER_LOCALIZABILITY_NONLOCALIZED = YES;
				CLANG_ANALYZER_NONNULL = YES;
				CLANG_CXX_LANGUAGE_STANDARD = "gnu++0x";
				CLANG_CXX_LIBRARY = "libc++";
				CLANG_ENABLE_MODULES = YES;
				CLANG_ENABLE_OBJC_ARC = YES;
				CLANG_WARN_BLOCK_CAPTURE_AUTORELEASING = YES;
				CLANG_WARN_BOOL_CONVERSION = YES;
				CLANG_WARN_COMMA = YES;
				CLANG_WARN_CONSTANT_CONVERSION = YES;
				CLANG_WARN_DIRECT_OBJC_ISA_USAGE = YES_ERROR;
				CLANG_WARN_DOCUMENTATION_COMMENTS = YES;
				CLANG_WARN_EMPTY_BODY = YES;
				CLANG_WARN_ENUM_CONVERSION = YES;
				CLANG_WARN_INFINITE_RECURSION = YES;
				CLANG_WARN_INT_CONVERSION = YES;
				CLANG_WARN_NON_LITERAL_NULL_CONVERSION = YES;
				CLANG_WARN_OBJC_LITERAL_CONVERSION = YES;
				CLANG_WARN_OBJC_ROOT_CLASS = YES_ERROR;
				CLANG_WARN_RANGE_LOOP_ANALYSIS = YES;
				CLANG_WARN_STRICT_PROTOTYPES = YES;
				CLANG_WARN_SUSPICIOUS_MOVE = YES;
				CLANG_WARN_UNREACHABLE_CODE = YES;
				CLANG_WARN__DUPLICATE_METHOD_MATCH = YES;
				"CODE_SIGN_IDENTITY[sdk=iphoneos*]" = "iPhone Developer";
				COPY_PHASE_STRIP = NO;
				DEBUG_INFORMATION_FORMAT = "dwarf-with-dsym";
				ENABLE_NS_ASSERTIONS = NO;
				ENABLE_STRICT_OBJC_MSGSEND = YES;
				GCC_C_LANGUAGE_STANDARD = gnu99;
				GCC_NO_COMMON_BLOCKS = YES;
				GCC_WARN_64_TO_32_BIT_CONVERSION = YES;
				GCC_WARN_ABOUT_RETURN_TYPE = YES_ERROR;
				GCC_WARN_UNDECLARED_SELECTOR = YES;
				GCC_WARN_UNINITIALIZED_AUTOS = YES_AGGRESSIVE;
				GCC_WARN_UNUSED_FUNCTION = YES;
				GCC_WARN_UNUSED_VARIABLE = YES;
				IPHONEOS_DEPLOYMENT_TARGET = 9.0;
				MTL_ENABLE_DEBUG_INFO = NO;
				SDKROOT = iphoneos;
				SWIFT_OPTIMIZATION_LEVEL = "-Owholemodule";
				VALIDATE_PRODUCT = YES;
			};
			name = Release;
		};
		3BBE79081E434C4E00F15CF1 /* Debug */ = {
			isa = XCBuildConfiguration;
			baseConfigurationReference = F888E2C2533E77C2561F7D65 /* Pods-IIIF Presenter.debug.xcconfig */;
			buildSettings = {
				ALWAYS_EMBED_SWIFT_STANDARD_LIBRARIES = "$(inherited)";
				ASSETCATALOG_COMPILER_APPICON_NAME = AppIcon;
				DEVELOPMENT_TEAM = 873S4GA3KJ;
				INFOPLIST_FILE = "IIIF Presenter/Info.plist";
				IPHONEOS_DEPLOYMENT_TARGET = 9.3;
				LD_RUNPATH_SEARCH_PATHS = "$(inherited) @executable_path/Frameworks";
				OTHER_SWIFT_FLAGS = "$(inherited) \"-D\" \"COCOAPODS\" -D DEBUG";
				PRODUCT_BUNDLE_IDENTIFIER = cz.mzk.ios.iiif.presenter;
				PRODUCT_NAME = "$(TARGET_NAME)";
				PROVISIONING_PROFILE = "7a270d4e-8a9e-44bc-bfa6-b5b4235feffc";
				PROVISIONING_PROFILE_SPECIFIER = "IIIF Development";
				SWIFT_SWIFT3_OBJC_INFERENCE = Default;
				SWIFT_VERSION = 4.0;
				TARGETED_DEVICE_FAMILY = "1,2";
			};
			name = Debug;
		};
		3BBE79091E434C4E00F15CF1 /* Release */ = {
			isa = XCBuildConfiguration;
			baseConfigurationReference = 765DA964D21E6E9BB79D35F6 /* Pods-IIIF Presenter.release.xcconfig */;
			buildSettings = {
				ALWAYS_EMBED_SWIFT_STANDARD_LIBRARIES = "$(inherited)";
				ASSETCATALOG_COMPILER_APPICON_NAME = AppIcon;
				"CODE_SIGN_IDENTITY[sdk=iphoneos*]" = "iPhone Distribution";
				DEVELOPMENT_TEAM = 873S4GA3KJ;
				INFOPLIST_FILE = "IIIF Presenter/Info.plist";
				IPHONEOS_DEPLOYMENT_TARGET = 9.3;
				LD_RUNPATH_SEARCH_PATHS = "$(inherited) @executable_path/Frameworks";
				PRODUCT_BUNDLE_IDENTIFIER = cz.mzk.ios.iiif.presenter;
				PRODUCT_NAME = "$(TARGET_NAME)";
				PROVISIONING_PROFILE = "565d4ec1-23fc-4d2c-a4dc-892d7f355e6d";
				PROVISIONING_PROFILE_SPECIFIER = "IIIF Distribution";
				SWIFT_SWIFT3_OBJC_INFERENCE = Default;
				SWIFT_VERSION = 4.0;
				TARGETED_DEVICE_FAMILY = "1,2";
			};
			name = Release;
		};
/* End XCBuildConfiguration section */

/* Begin XCConfigurationList section */
		3B68191B1E66F020008157E8 /* Build configuration list for PBXNativeTarget "Open in IIIF" */ = {
			isa = XCConfigurationList;
			buildConfigurations = (
				3B6819191E66F020008157E8 /* Debug */,
				3B68191A1E66F020008157E8 /* Release */,
			);
			defaultConfigurationIsVisible = 0;
			defaultConfigurationName = Release;
		};
		3BBE78F01E434C4E00F15CF1 /* Build configuration list for PBXProject "IIIF Presenter" */ = {
			isa = XCConfigurationList;
			buildConfigurations = (
				3BBE79051E434C4E00F15CF1 /* Debug */,
				3BBE79061E434C4E00F15CF1 /* Release */,
			);
			defaultConfigurationIsVisible = 0;
			defaultConfigurationName = Release;
		};
		3BBE79071E434C4E00F15CF1 /* Build configuration list for PBXNativeTarget "IIIF Presenter" */ = {
			isa = XCConfigurationList;
			buildConfigurations = (
				3BBE79081E434C4E00F15CF1 /* Debug */,
				3BBE79091E434C4E00F15CF1 /* Release */,
			);
			defaultConfigurationIsVisible = 0;
			defaultConfigurationName = Release;
		};
/* End XCConfigurationList section */
	};
	rootObject = 3BBE78ED1E434C4E00F15CF1 /* Project object */;
}
